
Microsoft Visual Studio Solution File, Format Version 12.00
# Visual Studio Version 17
VisualStudioVersion = 17.0.31903.59
MinimumVisualStudioVersion = 10.0.40219.1
Project("{2150E333-8FDC-42A3-9474-1A3956D46DE8}") = "src", "src", "{F36BD266-CD75-4438-9BF9-CD91CDB18F2B}"
EndProject
Project("{FAE04EC0-301F-11D3-BF4B-00C04F79EFBC}") = "PaymentGateway.Api", "src\PaymentGateway.Api\PaymentGateway.Api.csproj", "{3CD9AAA2-2097-4874-9C40-FFDE26EE8E43}"
EndProject
Project("{2150E333-8FDC-42A3-9474-1A3956D46DE8}") = "test", "test", "{1EF69307-274F-458E-BBE8-4D390512A8C6}"
EndProject
Project("{FAE04EC0-301F-11D3-BF4B-00C04F79EFBC}") = "PaymentGateway.Api.Tests", "test\PaymentGateway.Api.Tests\PaymentGateway.Api.Tests.csproj", "{3A92D8D6-0359-4752-91AE-D8A59622518A}"
EndProject
Project("{FAE04EC0-301F-11D3-BF4B-00C04F79EFBC}") = "PaymentGateway.Services", "ApiGateway.Services\PaymentGateway.Services.csproj", "{05A724A9-0B98-4165-849C-11A6C3D5E0FA}"
EndProject
Project("{FAE04EC0-301F-11D3-BF4B-00C04F79EFBC}") = "PaymentGateway.Abstraction", "PaymentGateway.Abstraction\PaymentGateway.Abstraction.csproj", "{131F82DB-BD34-4CA7-AE87-12BFEEE8D2FF}"
EndProject
Project("{FAE04EC0-301F-11D3-BF4B-00C04F79EFBC}") = "PaymentGateway.Services.Tests", "PaymentGateway.Services.Tests\PaymentGateway.Services.Tests.csproj", "{D03B9981-3408-4AF1-9634-633DD8466CAE}"
EndProject
Project("{FAE04EC0-301F-11D3-BF4B-00C04F79EFBC}") = "BuildingBlocks", "BuildingBlocks\BuildingBlocks.csproj", "{A809B3AA-8D37-499C-8948-CC0BC91A5B2A}"
EndProject
Global
	GlobalSection(SolutionConfigurationPlatforms) = preSolution
		Debug|Any CPU = Debug|Any CPU
		Release|Any CPU = Release|Any CPU
	EndGlobalSection
	GlobalSection(ProjectConfigurationPlatforms) = postSolution
		{3CD9AAA2-2097-4874-9C40-FFDE26EE8E43}.Debug|Any CPU.ActiveCfg = Debug|Any CPU
		{3CD9AAA2-2097-4874-9C40-FFDE26EE8E43}.Debug|Any CPU.Build.0 = Debug|Any CPU
		{3CD9AAA2-2097-4874-9C40-FFDE26EE8E43}.Release|Any CPU.ActiveCfg = Release|Any CPU
		{3CD9AAA2-2097-4874-9C40-FFDE26EE8E43}.Release|Any CPU.Build.0 = Release|Any CPU
		{3A92D8D6-0359-4752-91AE-D8A59622518A}.Debug|Any CPU.ActiveCfg = Debug|Any CPU
		{3A92D8D6-0359-4752-91AE-D8A59622518A}.Debug|Any CPU.Build.0 = Debug|Any CPU
		{3A92D8D6-0359-4752-91AE-D8A59622518A}.Release|Any CPU.ActiveCfg = Release|Any CPU
		{3A92D8D6-0359-4752-91AE-D8A59622518A}.Release|Any CPU.Build.0 = Release|Any CPU
		{05A724A9-0B98-4165-849C-11A6C3D5E0FA}.Debug|Any CPU.ActiveCfg = Debug|Any CPU
		{05A724A9-0B98-4165-849C-11A6C3D5E0FA}.Debug|Any CPU.Build.0 = Debug|Any CPU
		{05A724A9-0B98-4165-849C-11A6C3D5E0FA}.Release|Any CPU.ActiveCfg = Release|Any CPU
		{05A724A9-0B98-4165-849C-11A6C3D5E0FA}.Release|Any CPU.Build.0 = Release|Any CPU
		{131F82DB-BD34-4CA7-AE87-12BFEEE8D2FF}.Debug|Any CPU.ActiveCfg = Debug|Any CPU
		{131F82DB-BD34-4CA7-AE87-12BFEEE8D2FF}.Debug|Any CPU.Build.0 = Debug|Any CPU
		{131F82DB-BD34-4CA7-AE87-12BFEEE8D2FF}.Release|Any CPU.ActiveCfg = Release|Any CPU
		{131F82DB-BD34-4CA7-AE87-12BFEEE8D2FF}.Release|Any CPU.Build.0 = Release|Any CPU
		{D03B9981-3408-4AF1-9634-633DD8466CAE}.Debug|Any CPU.ActiveCfg = Debug|Any CPU
		{D03B9981-3408-4AF1-9634-633DD8466CAE}.Debug|Any CPU.Build.0 = Debug|Any CPU
		{D03B9981-3408-4AF1-9634-633DD8466CAE}.Release|Any CPU.ActiveCfg = Release|Any CPU
		{D03B9981-3408-4AF1-9634-633DD8466CAE}.Release|Any CPU.Build.0 = Release|Any CPU
		{A809B3AA-8D37-499C-8948-CC0BC91A5B2A}.Debug|Any CPU.ActiveCfg = Debug|Any CPU
		{A809B3AA-8D37-499C-8948-CC0BC91A5B2A}.Debug|Any CPU.Build.0 = Debug|Any CPU
		{A809B3AA-8D37-499C-8948-CC0BC91A5B2A}.Release|Any CPU.ActiveCfg = Release|Any CPU
		{A809B3AA-8D37-499C-8948-CC0BC91A5B2A}.Release|Any CPU.Build.0 = Release|Any CPU
	EndGlobalSection
	GlobalSection(SolutionProperties) = preSolution
		HideSolutionNode = FALSE
	EndGlobalSection
	GlobalSection(NestedProjects) = preSolution
		{3CD9AAA2-2097-4874-9C40-FFDE26EE8E43} = {F36BD266-CD75-4438-9BF9-CD91CDB18F2B}
		{3A92D8D6-0359-4752-91AE-D8A59622518A} = {1EF69307-274F-458E-BBE8-4D390512A8C6}
		{05A724A9-0B98-4165-849C-11A6C3D5E0FA} = {F36BD266-CD75-4438-9BF9-CD91CDB18F2B}
		{131F82DB-BD34-4CA7-AE87-12BFEEE8D2FF} = {F36BD266-CD75-4438-9BF9-CD91CDB18F2B}
		{D03B9981-3408-4AF1-9634-633DD8466CAE} = {1EF69307-274F-458E-BBE8-4D390512A8C6}
		{A809B3AA-8D37-499C-8948-CC0BC91A5B2A} = {F36BD266-CD75-4438-9BF9-CD91CDB18F2B}
	EndGlobalSection
EndGlobal
